
Microsoft Visual Studio Solution File, Format Version 12.00
# Visual Studio Version 17
VisualStudioVersion = 17.11.35312.102
MinimumVisualStudioVersion = 10.0.40219.1
Project("{9A19103F-16F7-4668-BE54-9A1E7A4F7556}") = "Booktopia", "Booktopia\Booktopia.csproj", "{52EE506A-2A07-4BC6-AC3D-61F4F96B292C}"
EndProject
Project("{FAE04EC0-301F-11D3-BF4B-00C04F79EFBC}") = "Tests", "Tests\Tests.csproj", "{86515EF1-5755-4D53-AD51-97F610B80662}"
EndProject
Global
	GlobalSection(SolutionConfigurationPlatforms) = preSolution
		Debug|Any CPU = Debug|Any CPU
		Release|Any CPU = Release|Any CPU
	EndGlobalSection
	GlobalSection(ProjectConfigurationPlatforms) = postSolution
		{52EE506A-2A07-4BC6-AC3D-61F4F96B292C}.Debug|Any CPU.ActiveCfg = Debug|Any CPU
		{52EE506A-2A07-4BC6-AC3D-61F4F96B292C}.Debug|Any CPU.Build.0 = Debug|Any CPU
		{52EE506A-2A07-4BC6-AC3D-61F4F96B292C}.Release|Any CPU.ActiveCfg = Release|Any CPU
		{52EE506A-2A07-4BC6-AC3D-61F4F96B292C}.Release|Any CPU.Build.0 = Release|Any CPU
		{86515EF1-5755-4D53-AD51-97F610B80662}.Debug|Any CPU.ActiveCfg = Debug|Any CPU
		{86515EF1-5755-4D53-AD51-97F610B80662}.Debug|Any CPU.Build.0 = Debug|Any CPU
		{86515EF1-5755-4D53-AD51-97F610B80662}.Release|Any CPU.ActiveCfg = Release|Any CPU
		{86515EF1-5755-4D53-AD51-97F610B80662}.Release|Any CPU.Build.0 = Release|Any CPU
	EndGlobalSection
	GlobalSection(SolutionProperties) = preSolution
		HideSolutionNode = FALSE
	EndGlobalSection
	GlobalSection(ExtensibilityGlobals) = postSolution
		SolutionGuid = {FEBA8D8B-BAFD-4504-B0A9-7B9EF4D451FC}
	EndGlobalSection
EndGlobal
